
Microsoft Visual Studio Solution File, Format Version 12.00
Project("{FAE04EC0-301F-11D3-BF4B-00C04F79EFBC}") = "Laba2_SyncThreads_CSharp", "Laba2_SyncThreads_CSharp\Laba2_SyncThreads_CSharp.csproj", "{C8898AE5-99D2-481F-B8F1-225821361499}"
EndProject
Global
	GlobalSection(SolutionConfigurationPlatforms) = preSolution
		Debug|Any CPU = Debug|Any CPU
		Release|Any CPU = Release|Any CPU
	EndGlobalSection
	GlobalSection(ProjectConfigurationPlatforms) = postSolution
		{C8898AE5-99D2-481F-B8F1-225821361499}.Debug|Any CPU.ActiveCfg = Debug|Any CPU
		{C8898AE5-99D2-481F-B8F1-225821361499}.Debug|Any CPU.Build.0 = Debug|Any CPU
		{C8898AE5-99D2-481F-B8F1-225821361499}.Release|Any CPU.ActiveCfg = Release|Any CPU
		{C8898AE5-99D2-481F-B8F1-225821361499}.Release|Any CPU.Build.0 = Release|Any CPU
	EndGlobalSection
EndGlobal
